# THIS IS AN AUTOGENERATED FILE. DO NOT EDIT THIS FILE DIRECTLY.
# yarn lockfile v1


daggy@^1.4.0:
  version "1.4.0"
  resolved "https://globaldevtools.bbva.com:443/artifactory/api/npm/npm-repo/daggy/-/daggy-1.4.0.tgz#178b4722866e1c8fac7b91d4bbf171d3767c1573"
  integrity sha1-F4tHIoZuHI+se5HUu/Fx03Z8FXM=
  dependencies:
    sanctuary-type-classes "3.0.0"
    sanctuary-type-identifiers "1.0.0"

ramda@^0.26.1:
  version "0.26.1"
  resolved "https://globaldevtools.bbva.com:443/artifactory/api/npm/npm-repo/ramda/-/ramda-0.26.1.tgz#8d41351eb8111c55353617fc3bbffad8e4d35d06"
  integrity sha1-jUE1HrgRHFU1Nhf8O7/62OTTXQY=

sanctuary-type-classes@3.0.0:
  version "3.0.0"
  resolved "https://globaldevtools.bbva.com:443/artifactory/api/npm/npm-repo/sanctuary-type-classes/-/sanctuary-type-classes-3.0.0.tgz#e4cf422abceb8c78b6f625d84d61fdb5c6d44116"
  integrity sha1-5M9CKrzrjHi29iXYTWH9tcbUQRY=
  dependencies:
    sanctuary-type-identifiers "1.0.x"

sanctuary-type-identifiers@1.0.0, sanctuary-type-identifiers@1.0.x:
  version "1.0.0"
  resolved "https://globaldevtools.bbva.com:443/artifactory/api/npm/npm-repo/sanctuary-type-identifiers/-/sanctuary-type-identifiers-1.0.0.tgz#e8f359f006cb5e624cfb8464603fc114608bde9f"
  integrity sha1-6PNZ8AbLXmJM+4RkYD/BFGCL3p8=
